
Microsoft Visual Studio Solution File, Format Version 12.00
# Visual Studio Version 17
VisualStudioVersion = 17.6.33815.320
MinimumVisualStudioVersion = 10.0.40219.1
Project("{9A19103F-16F7-4668-BE54-9A1E7A4F7556}") = "WebApplication2", "WebApplication2.csproj", "{6EFC8F1F-C8CB-4100-886E-AEED908D693F}"
EndProject
Project("{FAE04EC0-301F-11D3-BF4B-00C04F79EFBC}") = "webtest", "..\TestProject2\webtest.csproj", "{F7A50E58-CAAF-4573-9025-5C77AC066F22}"
EndProject
Global
	GlobalSection(SolutionConfigurationPlatforms) = preSolution
		Debug|Any CPU = Debug|Any CPU
		Release|Any CPU = Release|Any CPU
	EndGlobalSection
	GlobalSection(ProjectConfigurationPlatforms) = postSolution
		{6EFC8F1F-C8CB-4100-886E-AEED908D693F}.Debug|Any CPU.ActiveCfg = Debug|Any CPU
		{6EFC8F1F-C8CB-4100-886E-AEED908D693F}.Debug|Any CPU.Build.0 = Debug|Any CPU
		{6EFC8F1F-C8CB-4100-886E-AEED908D693F}.Release|Any CPU.ActiveCfg = Release|Any CPU
		{6EFC8F1F-C8CB-4100-886E-AEED908D693F}.Release|Any CPU.Build.0 = Release|Any CPU
		{F7A50E58-CAAF-4573-9025-5C77AC066F22}.Debug|Any CPU.ActiveCfg = Debug|Any CPU
		{F7A50E58-CAAF-4573-9025-5C77AC066F22}.Debug|Any CPU.Build.0 = Debug|Any CPU
		{F7A50E58-CAAF-4573-9025-5C77AC066F22}.Release|Any CPU.ActiveCfg = Release|Any CPU
		{F7A50E58-CAAF-4573-9025-5C77AC066F22}.Release|Any CPU.Build.0 = Release|Any CPU
	EndGlobalSection
	GlobalSection(SolutionProperties) = preSolution
		HideSolutionNode = FALSE
	EndGlobalSection
	GlobalSection(ExtensibilityGlobals) = postSolution
		SolutionGuid = {355DCCEE-CCE1-43D3-A04D-5ABDAE7E7B14}
	EndGlobalSection
EndGlobal
