
Microsoft Visual Studio Solution File, Format Version 12.00
# Visual Studio Version 17
VisualStudioVersion = 17.6.33815.320
MinimumVisualStudioVersion = 10.0.40219.1
Project("{FAE04EC0-301F-11D3-BF4B-00C04F79EFBC}") = "WebApplication3", "WebApplication3.csproj", "{856E7BFD-6ABC-401B-A83B-A8A2907C9BE7}"
EndProject
Global
	GlobalSection(SolutionConfigurationPlatforms) = preSolution
		Debug|Any CPU = Debug|Any CPU
		Release|Any CPU = Release|Any CPU
	EndGlobalSection
	GlobalSection(ProjectConfigurationPlatforms) = postSolution
		{856E7BFD-6ABC-401B-A83B-A8A2907C9BE7}.Debug|Any CPU.ActiveCfg = Debug|Any CPU
		{856E7BFD-6ABC-401B-A83B-A8A2907C9BE7}.Debug|Any CPU.Build.0 = Debug|Any CPU
		{856E7BFD-6ABC-401B-A83B-A8A2907C9BE7}.Release|Any CPU.ActiveCfg = Release|Any CPU
		{856E7BFD-6ABC-401B-A83B-A8A2907C9BE7}.Release|Any CPU.Build.0 = Release|Any CPU
	EndGlobalSection
	GlobalSection(SolutionProperties) = preSolution
		HideSolutionNode = FALSE
	EndGlobalSection
	GlobalSection(ExtensibilityGlobals) = postSolution
		SolutionGuid = {03CD392B-1DE6-4180-A48C-7E92C5B953D9}
	EndGlobalSection
EndGlobal
